
Microsoft Visual Studio Solution File, Format Version 12.00
# Visual Studio 15
VisualStudioVersion = 15.0.28307.329
MinimumVisualStudioVersion = 10.0.40219.1
Project("{9A19103F-16F7-4668-BE54-9A1E7A4F7556}") = "core-service", "src\core-service.csproj", "{21AD1FBF-DC25-4D18-B9AD-0176979505D6}"
EndProject
Global
	GlobalSection(SolutionConfigurationPlatforms) = preSolution
		Debug|Any CPU = Debug|Any CPU
		Release|Any CPU = Release|Any CPU
	EndGlobalSection
	GlobalSection(ProjectConfigurationPlatforms) = postSolution
		{21AD1FBF-DC25-4D18-B9AD-0176979505D6}.Debug|Any CPU.ActiveCfg = Debug|Any CPU
		{21AD1FBF-DC25-4D18-B9AD-0176979505D6}.Debug|Any CPU.Build.0 = Debug|Any CPU
		{21AD1FBF-DC25-4D18-B9AD-0176979505D6}.Release|Any CPU.ActiveCfg = Release|Any CPU
		{21AD1FBF-DC25-4D18-B9AD-0176979505D6}.Release|Any CPU.Build.0 = Release|Any CPU
	EndGlobalSection
	GlobalSection(SolutionProperties) = preSolution
		HideSolutionNode = FALSE
	EndGlobalSection
	GlobalSection(ExtensibilityGlobals) = postSolution
		SolutionGuid = {6B7E8D12-D502-4499-A39D-BA96B0509ADF}
	EndGlobalSection
EndGlobal
